
Microsoft Visual Studio Solution File, Format Version 12.00
# Visual Studio Version 17
VisualStudioVersion = 17.12.35527.113
MinimumVisualStudioVersion = 10.0.40219.1
Project("{FAE04EC0-301F-11D3-BF4B-00C04F79EFBC}") = "Domain", "Domain\Domain.csproj", "{311556C6-425B-4571-851D-EF3417542B74}"
EndProject
Project("{FAE04EC0-301F-11D3-BF4B-00C04F79EFBC}") = "Application", "Application\Application.csproj", "{B5F3361E-A0B6-429D-9EFE-44CABDED314E}"
EndProject
Project("{FAE04EC0-301F-11D3-BF4B-00C04F79EFBC}") = "Infrastructure", "Infrastructure\Infrastructure.csproj", "{8204AFC8-8336-407E-8AB4-41EF2C1D577F}"
EndProject
Project("{FAE04EC0-301F-11D3-BF4B-00C04F79EFBC}") = "MasterDb", "MasterDb\MasterDb.csproj", "{304661DC-22F5-4D57-9842-578A94B52059}"
EndProject
Project("{FAE04EC0-301F-11D3-BF4B-00C04F79EFBC}") = "Api", "Api\Api.csproj", "{59AD1FCE-1AFB-44EE-B6CE-BA2868ACE2A7}"
EndProject
Project("{FAE04EC0-301F-11D3-BF4B-00C04F79EFBC}") = "Web", "Web\Web.csproj", "{D8F7FFBD-00E3-45D4-A0FE-5DAD94E27117}"
EndProject
Project("{2150E333-8FDC-42A3-9474-1A3956D46DE8}") = "src", "src", "{81561B92-FA1F-4251-ADCF-87EE6D1E475E}"
EndProject
Project("{2150E333-8FDC-42A3-9474-1A3956D46DE8}") = "tenants", "tenants", "{66329A8C-0C9E-4CB2-BBF2-7A97147CAAF7}"
EndProject
Project("{2150E333-8FDC-42A3-9474-1A3956D46DE8}") = "tests", "tests", "{891816DC-C186-4207-8553-D5B29F046688}"
EndProject
Project("{FAE04EC0-301F-11D3-BF4B-00C04F79EFBC}") = "Base", "Base\Base.csproj", "{F96D4E8E-CA89-4218-BFBA-772784E69976}"
EndProject
Project("{FAE04EC0-301F-11D3-BF4B-00C04F79EFBC}") = "Tests", "Tests\Tests.csproj", "{B44DB241-DF61-492C-B6A3-D362A85270B5}"
EndProject
Project("{FAE04EC0-301F-11D3-BF4B-00C04F79EFBC}") = "Tests.Integration", "Tests.Integration\Tests.Integration.csproj", "{C9A3E5F2-1B4D-4E8A-9F61-2D7A8B3C4E5F}"
EndProject
Global
	GlobalSection(SolutionConfigurationPlatforms) = preSolution
		Debug|Any CPU = Debug|Any CPU
		Release|Any CPU = Release|Any CPU
	EndGlobalSection
	GlobalSection(ProjectConfigurationPlatforms) = postSolution
		{311556C6-425B-4571-851D-EF3417542B74}.Debug|Any CPU.ActiveCfg = Debug|Any CPU
		{311556C6-425B-4571-851D-EF3417542B74}.Debug|Any CPU.Build.0 = Debug|Any CPU
		{311556C6-425B-4571-851D-EF3417542B74}.Release|Any CPU.ActiveCfg = Release|Any CPU
		{311556C6-425B-4571-851D-EF3417542B74}.Release|Any CPU.Build.0 = Release|Any CPU
		{B5F3361E-A0B6-429D-9EFE-44CABDED314E}.Debug|Any CPU.ActiveCfg = Debug|Any CPU
		{B5F3361E-A0B6-429D-9EFE-44CABDED314E}.Debug|Any CPU.Build.0 = Debug|Any CPU
		{B5F3361E-A0B6-429D-9EFE-44CABDED314E}.Release|Any CPU.ActiveCfg = Release|Any CPU
		{B5F3361E-A0B6-429D-9EFE-44CABDED314E}.Release|Any CPU.Build.0 = Release|Any CPU
		{8204AFC8-8336-407E-8AB4-41EF2C1D577F}.Debug|Any CPU.ActiveCfg = Debug|Any CPU
		{8204AFC8-8336-407E-8AB4-41EF2C1D577F}.Debug|Any CPU.Build.0 = Debug|Any CPU
		{8204AFC8-8336-407E-8AB4-41EF2C1D577F}.Release|Any CPU.ActiveCfg = Release|Any CPU
		{8204AFC8-8336-407E-8AB4-41EF2C1D577F}.Release|Any CPU.Build.0 = Release|Any CPU
		{304661DC-22F5-4D57-9842-578A94B52059}.Debug|Any CPU.ActiveCfg = Debug|Any CPU
		{304661DC-22F5-4D57-9842-578A94B52059}.Debug|Any CPU.Build.0 = Debug|Any CPU
		{304661DC-22F5-4D57-9842-578A94B52059}.Release|Any CPU.ActiveCfg = Release|Any CPU
		{304661DC-22F5-4D57-9842-578A94B52059}.Release|Any CPU.Build.0 = Release|Any CPU
		{59AD1FCE-1AFB-44EE-B6CE-BA2868ACE2A7}.Debug|Any CPU.ActiveCfg = Debug|Any CPU
		{59AD1FCE-1AFB-44EE-B6CE-BA2868ACE2A7}.Debug|Any CPU.Build.0 = Debug|Any CPU
		{59AD1FCE-1AFB-44EE-B6CE-BA2868ACE2A7}.Release|Any CPU.ActiveCfg = Release|Any CPU
		{59AD1FCE-1AFB-44EE-B6CE-BA2868ACE2A7}.Release|Any CPU.Build.0 = Release|Any CPU
		{D8F7FFBD-00E3-45D4-A0FE-5DAD94E27117}.Debug|Any CPU.ActiveCfg = Debug|Any CPU
		{D8F7FFBD-00E3-45D4-A0FE-5DAD94E27117}.Debug|Any CPU.Build.0 = Debug|Any CPU
		{D8F7FFBD-00E3-45D4-A0FE-5DAD94E27117}.Release|Any CPU.ActiveCfg = Release|Any CPU
		{D8F7FFBD-00E3-45D4-A0FE-5DAD94E27117}.Release|Any CPU.Build.0 = Release|Any CPU
		{F96D4E8E-CA89-4218-BFBA-772784E69976}.Debug|Any CPU.ActiveCfg = Debug|Any CPU
		{F96D4E8E-CA89-4218-BFBA-772784E69976}.Debug|Any CPU.Build.0 = Debug|Any CPU
		{F96D4E8E-CA89-4218-BFBA-772784E69976}.Release|Any CPU.ActiveCfg = Release|Any CPU
		{F96D4E8E-CA89-4218-BFBA-772784E69976}.Release|Any CPU.Build.0 = Release|Any CPU
		{B44DB241-DF61-492C-B6A3-D362A85270B5}.Debug|Any CPU.ActiveCfg = Debug|Any CPU
		{B44DB241-DF61-492C-B6A3-D362A85270B5}.Debug|Any CPU.Build.0 = Debug|Any CPU
		{B44DB241-DF61-492C-B6A3-D362A85270B5}.Release|Any CPU.ActiveCfg = Release|Any CPU
		{B44DB241-DF61-492C-B6A3-D362A85270B5}.Release|Any CPU.Build.0 = Release|Any CPU
		{C9A3E5F2-1B4D-4E8A-9F61-2D7A8B3C4E5F}.Debug|Any CPU.ActiveCfg = Debug|Any CPU
		{C9A3E5F2-1B4D-4E8A-9F61-2D7A8B3C4E5F}.Debug|Any CPU.Build.0 = Debug|Any CPU
		{C9A3E5F2-1B4D-4E8A-9F61-2D7A8B3C4E5F}.Release|Any CPU.ActiveCfg = Release|Any CPU
		{C9A3E5F2-1B4D-4E8A-9F61-2D7A8B3C4E5F}.Release|Any CPU.Build.0 = Release|Any CPU
	EndGlobalSection
	GlobalSection(SolutionProperties) = preSolution
		HideSolutionNode = FALSE
	EndGlobalSection
	GlobalSection(NestedProjects) = preSolution
		{311556C6-425B-4571-851D-EF3417542B74} = {81561B92-FA1F-4251-ADCF-87EE6D1E475E}
		{B5F3361E-A0B6-429D-9EFE-44CABDED314E} = {81561B92-FA1F-4251-ADCF-87EE6D1E475E}
		{8204AFC8-8336-407E-8AB4-41EF2C1D577F} = {81561B92-FA1F-4251-ADCF-87EE6D1E475E}
		{304661DC-22F5-4D57-9842-578A94B52059} = {81561B92-FA1F-4251-ADCF-87EE6D1E475E}
		{59AD1FCE-1AFB-44EE-B6CE-BA2868ACE2A7} = {81561B92-FA1F-4251-ADCF-87EE6D1E475E}
		{D8F7FFBD-00E3-45D4-A0FE-5DAD94E27117} = {81561B92-FA1F-4251-ADCF-87EE6D1E475E}
		{F96D4E8E-CA89-4218-BFBA-772784E69976} = {66329A8C-0C9E-4CB2-BBF2-7A97147CAAF7}
		{B44DB241-DF61-492C-B6A3-D362A85270B5} = {891816DC-C186-4207-8553-D5B29F046688}
		{C9A3E5F2-1B4D-4E8A-9F61-2D7A8B3C4E5F} = {891816DC-C186-4207-8553-D5B29F046688}
	EndGlobalSection
	GlobalSection(ExtensibilityGlobals) = postSolution
		SolutionGuid = {27DFAAD0-F9CC-4213-B9D5-E5DBBCCC14AD}
	EndGlobalSection
EndGlobal
